
Microsoft Visual Studio Solution File, Format Version 12.00
# Visual Studio 15
VisualStudioVersion = 15.0.27004.2009
MinimumVisualStudioVersion = 10.0.40219.1
Project("{FAE04EC0-301F-11D3-BF4B-00C04F79EFBC}") = "Masterchef.Mobile.App.Android", "src\Masterchef.Mobile.App\Masterchef.Mobile.App.Android\Masterchef.Mobile.App.Android.csproj", "{130FCF92-73F6-40BC-95BA-754BFFBFE607}"
EndProject
Project("{FAE04EC0-301F-11D3-BF4B-00C04F79EFBC}") = "Masterchef.Mobile.App", "src\Masterchef.Mobile.App\Masterchef.Mobile.App\Masterchef.Mobile.App.csproj", "{49BF5F36-56BB-45AC-B281-348D6F6D0FC5}"
EndProject
Project("{FAE04EC0-301F-11D3-BF4B-00C04F79EFBC}") = "Masterchef.Mobile.App.UWP", "src\Masterchef.Mobile.App\Masterchef.Mobile.App.UWP\Masterchef.Mobile.App.UWP.csproj", "{268EF4B3-B00A-458A-886D-BE2DBA04A227}"
EndProject
Project("{FAE04EC0-301F-11D3-BF4B-00C04F79EFBC}") = "Masterchef.Mobile.App.iOS", "src\Masterchef.Mobile.App\Masterchef.Mobile.App.iOS\Masterchef.Mobile.App.iOS.csproj", "{A8769292-056D-440C-8D65-40CB867049F1}"
EndProject
Global
	GlobalSection(SolutionConfigurationPlatforms) = preSolution
		Ad-Hoc|Any CPU = Ad-Hoc|Any CPU
		Ad-Hoc|ARM = Ad-Hoc|ARM
		Ad-Hoc|iPhone = Ad-Hoc|iPhone
		Ad-Hoc|iPhoneSimulator = Ad-Hoc|iPhoneSimulator
		Ad-Hoc|x64 = Ad-Hoc|x64
		Ad-Hoc|x86 = Ad-Hoc|x86
		AppStore|Any CPU = AppStore|Any CPU
		AppStore|ARM = AppStore|ARM
		AppStore|iPhone = AppStore|iPhone
		AppStore|iPhoneSimulator = AppStore|iPhoneSimulator
		AppStore|x64 = AppStore|x64
		AppStore|x86 = AppStore|x86
		Debug|Any CPU = Debug|Any CPU
		Debug|ARM = Debug|ARM
		Debug|iPhone = Debug|iPhone
		Debug|iPhoneSimulator = Debug|iPhoneSimulator
		Debug|x64 = Debug|x64
		Debug|x86 = Debug|x86
		Release|Any CPU = Release|Any CPU
		Release|ARM = Release|ARM
		Release|iPhone = Release|iPhone
		Release|iPhoneSimulator = Release|iPhoneSimulator
		Release|x64 = Release|x64
		Release|x86 = Release|x86
	EndGlobalSection
	GlobalSection(ProjectConfigurationPlatforms) = postSolution
		{130FCF92-73F6-40BC-95BA-754BFFBFE607}.Ad-Hoc|Any CPU.ActiveCfg = Release|Any CPU
		{130FCF92-73F6-40BC-95BA-754BFFBFE607}.Ad-Hoc|Any CPU.Build.0 = Release|Any CPU
		{130FCF92-73F6-40BC-95BA-754BFFBFE607}.Ad-Hoc|Any CPU.Deploy.0 = Release|Any CPU
		{130FCF92-73F6-40BC-95BA-754BFFBFE607}.Ad-Hoc|ARM.ActiveCfg = Release|Any CPU
		{130FCF92-73F6-40BC-95BA-754BFFBFE607}.Ad-Hoc|ARM.Build.0 = Release|Any CPU
		{130FCF92-73F6-40BC-95BA-754BFFBFE607}.Ad-Hoc|ARM.Deploy.0 = Release|Any CPU
		{130FCF92-73F6-40BC-95BA-754BFFBFE607}.Ad-Hoc|iPhone.ActiveCfg = Release|Any CPU
		{130FCF92-73F6-40BC-95BA-754BFFBFE607}.Ad-Hoc|iPhone.Build.0 = Release|Any CPU
		{130FCF92-73F6-40BC-95BA-754BFFBFE607}.Ad-Hoc|iPhone.Deploy.0 = Release|Any CPU
		{130FCF92-73F6-40BC-95BA-754BFFBFE607}.Ad-Hoc|iPhoneSimulator.ActiveCfg = Release|Any CPU
		{130FCF92-73F6-40BC-95BA-754BFFBFE607}.Ad-Hoc|iPhoneSimulator.Build.0 = Release|Any CPU
		{130FCF92-73F6-40BC-95BA-754BFFBFE607}.Ad-Hoc|iPhoneSimulator.Deploy.0 = Release|Any CPU
		{130FCF92-73F6-40BC-95BA-754BFFBFE607}.Ad-Hoc|x64.ActiveCfg = Release|Any CPU
		{130FCF92-73F6-40BC-95BA-754BFFBFE607}.Ad-Hoc|x64.Build.0 = Release|Any CPU
		{130FCF92-73F6-40BC-95BA-754BFFBFE607}.Ad-Hoc|x64.Deploy.0 = Release|Any CPU
		{130FCF92-73F6-40BC-95BA-754BFFBFE607}.Ad-Hoc|x86.ActiveCfg = Release|Any CPU
		{130FCF92-73F6-40BC-95BA-754BFFBFE607}.Ad-Hoc|x86.Build.0 = Release|Any CPU
		{130FCF92-73F6-40BC-95BA-754BFFBFE607}.Ad-Hoc|x86.Deploy.0 = Release|Any CPU
		{130FCF92-73F6-40BC-95BA-754BFFBFE607}.AppStore|Any CPU.ActiveCfg = Release|Any CPU
		{130FCF92-73F6-40BC-95BA-754BFFBFE607}.AppStore|Any CPU.Build.0 = Release|Any CPU
		{130FCF92-73F6-40BC-95BA-754BFFBFE607}.AppStore|Any CPU.Deploy.0 = Release|Any CPU
		{130FCF92-73F6-40BC-95BA-754BFFBFE607}.AppStore|ARM.ActiveCfg = Release|Any CPU
		{130FCF92-73F6-40BC-95BA-754BFFBFE607}.AppStore|ARM.Build.0 = Release|Any CPU
		{130FCF92-73F6-40BC-95BA-754BFFBFE607}.AppStore|ARM.Deploy.0 = Release|Any CPU
		{130FCF92-73F6-40BC-95BA-754BFFBFE607}.AppStore|iPhone.ActiveCfg = Release|Any CPU
		{130FCF92-73F6-40BC-95BA-754BFFBFE607}.AppStore|iPhone.Build.0 = Release|Any CPU
		{130FCF92-73F6-40BC-95BA-754BFFBFE607}.AppStore|iPhone.Deploy.0 = Release|Any CPU
		{130FCF92-73F6-40BC-95BA-754BFFBFE607}.AppStore|iPhoneSimulator.ActiveCfg = Release|Any CPU
		{130FCF92-73F6-40BC-95BA-754BFFBFE607}.AppStore|iPhoneSimulator.Build.0 = Release|Any CPU
		{130FCF92-73F6-40BC-95BA-754BFFBFE607}.AppStore|iPhoneSimulator.Deploy.0 = Release|Any CPU
		{130FCF92-73F6-40BC-95BA-754BFFBFE607}.AppStore|x64.ActiveCfg = Release|Any CPU
		{130FCF92-73F6-40BC-95BA-754BFFBFE607}.AppStore|x64.Build.0 = Release|Any CPU
		{130FCF92-73F6-40BC-95BA-754BFFBFE607}.AppStore|x64.Deploy.0 = Release|Any CPU
		{130FCF92-73F6-40BC-95BA-754BFFBFE607}.AppStore|x86.ActiveCfg = Release|Any CPU
		{130FCF92-73F6-40BC-95BA-754BFFBFE607}.AppStore|x86.Build.0 = Release|Any CPU
		{130FCF92-73F6-40BC-95BA-754BFFBFE607}.AppStore|x86.Deploy.0 = Release|Any CPU
		{130FCF92-73F6-40BC-95BA-754BFFBFE607}.Debug|Any CPU.ActiveCfg = Debug|Any CPU
		{130FCF92-73F6-40BC-95BA-754BFFBFE607}.Debug|Any CPU.Build.0 = Debug|Any CPU
		{130FCF92-73F6-40BC-95BA-754BFFBFE607}.Debug|Any CPU.Deploy.0 = Debug|Any CPU
		{130FCF92-73F6-40BC-95BA-754BFFBFE607}.Debug|ARM.ActiveCfg = Debug|Any CPU
		{130FCF92-73F6-40BC-95BA-754BFFBFE607}.Debug|ARM.Build.0 = Debug|Any CPU
		{130FCF92-73F6-40BC-95BA-754BFFBFE607}.Debug|ARM.Deploy.0 = Debug|Any CPU
		{130FCF92-73F6-40BC-95BA-754BFFBFE607}.Debug|iPhone.ActiveCfg = Debug|Any CPU
		{130FCF92-73F6-40BC-95BA-754BFFBFE607}.Debug|iPhone.Build.0 = Debug|Any CPU
		{130FCF92-73F6-40BC-95BA-754BFFBFE607}.Debug|iPhone.Deploy.0 = Debug|Any CPU
		{130FCF92-73F6-40BC-95BA-754BFFBFE607}.Debug|iPhoneSimulator.ActiveCfg = Debug|Any CPU
		{130FCF92-73F6-40BC-95BA-754BFFBFE607}.Debug|iPhoneSimulator.Build.0 = Debug|Any CPU
		{130FCF92-73F6-40BC-95BA-754BFFBFE607}.Debug|iPhoneSimulator.Deploy.0 = Debug|Any CPU
		{130FCF92-73F6-40BC-95BA-754BFFBFE607}.Debug|x64.ActiveCfg = Debug|Any CPU
		{130FCF92-73F6-40BC-95BA-754BFFBFE607}.Debug|x64.Build.0 = Debug|Any CPU
		{130FCF92-73F6-40BC-95BA-754BFFBFE607}.Debug|x64.Deploy.0 = Debug|Any CPU
		{130FCF92-73F6-40BC-95BA-754BFFBFE607}.Debug|x86.ActiveCfg = Debug|Any CPU
		{130FCF92-73F6-40BC-95BA-754BFFBFE607}.Debug|x86.Build.0 = Debug|Any CPU
		{130FCF92-73F6-40BC-95BA-754BFFBFE607}.Debug|x86.Deploy.0 = Debug|Any CPU
		{130FCF92-73F6-40BC-95BA-754BFFBFE607}.Release|Any CPU.ActiveCfg = Release|Any CPU
		{130FCF92-73F6-40BC-95BA-754BFFBFE607}.Release|Any CPU.Build.0 = Release|Any CPU
		{130FCF92-73F6-40BC-95BA-754BFFBFE607}.Release|Any CPU.Deploy.0 = Release|Any CPU
		{130FCF92-73F6-40BC-95BA-754BFFBFE607}.Release|ARM.ActiveCfg = Release|Any CPU
		{130FCF92-73F6-40BC-95BA-754BFFBFE607}.Release|ARM.Build.0 = Release|Any CPU
		{130FCF92-73F6-40BC-95BA-754BFFBFE607}.Release|ARM.Deploy.0 = Release|Any CPU
		{130FCF92-73F6-40BC-95BA-754BFFBFE607}.Release|iPhone.ActiveCfg = Release|Any CPU
		{130FCF92-73F6-40BC-95BA-754BFFBFE607}.Release|iPhone.Build.0 = Release|Any CPU
		{130FCF92-73F6-40BC-95BA-754BFFBFE607}.Release|iPhone.Deploy.0 = Release|Any CPU
		{130FCF92-73F6-40BC-95BA-754BFFBFE607}.Release|iPhoneSimulator.ActiveCfg = Release|Any CPU
		{130FCF92-73F6-40BC-95BA-754BFFBFE607}.Release|iPhoneSimulator.Build.0 = Release|Any CPU
		{130FCF92-73F6-40BC-95BA-754BFFBFE607}.Release|iPhoneSimulator.Deploy.0 = Release|Any CPU
		{130FCF92-73F6-40BC-95BA-754BFFBFE607}.Release|x64.ActiveCfg = Release|Any CPU
		{130FCF92-73F6-40BC-95BA-754BFFBFE607}.Release|x64.Build.0 = Release|Any CPU
		{130FCF92-73F6-40BC-95BA-754BFFBFE607}.Release|x64.Deploy.0 = Release|Any CPU
		{130FCF92-73F6-40BC-95BA-754BFFBFE607}.Release|x86.ActiveCfg = Release|Any CPU
		{130FCF92-73F6-40BC-95BA-754BFFBFE607}.Release|x86.Build.0 = Release|Any CPU
		{130FCF92-73F6-40BC-95BA-754BFFBFE607}.Release|x86.Deploy.0 = Release|Any CPU
		{49BF5F36-56BB-45AC-B281-348D6F6D0FC5}.Ad-Hoc|Any CPU.ActiveCfg = Release|Any CPU
		{49BF5F36-56BB-45AC-B281-348D6F6D0FC5}.Ad-Hoc|Any CPU.Build.0 = Release|Any CPU
		{49BF5F36-56BB-45AC-B281-348D6F6D0FC5}.Ad-Hoc|ARM.ActiveCfg = Release|Any CPU
		{49BF5F36-56BB-45AC-B281-348D6F6D0FC5}.Ad-Hoc|ARM.Build.0 = Release|Any CPU
		{49BF5F36-56BB-45AC-B281-348D6F6D0FC5}.Ad-Hoc|iPhone.ActiveCfg = Release|Any CPU
		{49BF5F36-56BB-45AC-B281-348D6F6D0FC5}.Ad-Hoc|iPhone.Build.0 = Release|Any CPU
		{49BF5F36-56BB-45AC-B281-348D6F6D0FC5}.Ad-Hoc|iPhoneSimulator.ActiveCfg = Release|Any CPU
		{49BF5F36-56BB-45AC-B281-348D6F6D0FC5}.Ad-Hoc|iPhoneSimulator.Build.0 = Release|Any CPU
		{49BF5F36-56BB-45AC-B281-348D6F6D0FC5}.Ad-Hoc|x64.ActiveCfg = Release|Any CPU
		{49BF5F36-56BB-45AC-B281-348D6F6D0FC5}.Ad-Hoc|x64.Build.0 = Release|Any CPU
		{49BF5F36-56BB-45AC-B281-348D6F6D0FC5}.Ad-Hoc|x86.ActiveCfg = Release|Any CPU
		{49BF5F36-56BB-45AC-B281-348D6F6D0FC5}.Ad-Hoc|x86.Build.0 = Release|Any CPU
		{49BF5F36-56BB-45AC-B281-348D6F6D0FC5}.AppStore|Any CPU.ActiveCfg = Release|Any CPU
		{49BF5F36-56BB-45AC-B281-348D6F6D0FC5}.AppStore|Any CPU.Build.0 = Release|Any CPU
		{49BF5F36-56BB-45AC-B281-348D6F6D0FC5}.AppStore|ARM.ActiveCfg = Release|Any CPU
		{49BF5F36-56BB-45AC-B281-348D6F6D0FC5}.AppStore|ARM.Build.0 = Release|Any CPU
		{49BF5F36-56BB-45AC-B281-348D6F6D0FC5}.AppStore|iPhone.ActiveCfg = Release|Any CPU
		{49BF5F36-56BB-45AC-B281-348D6F6D0FC5}.AppStore|iPhone.Build.0 = Release|Any CPU
		{49BF5F36-56BB-45AC-B281-348D6F6D0FC5}.AppStore|iPhoneSimulator.ActiveCfg = Release|Any CPU
		{49BF5F36-56BB-45AC-B281-348D6F6D0FC5}.AppStore|iPhoneSimulator.Build.0 = Release|Any CPU
		{49BF5F36-56BB-45AC-B281-348D6F6D0FC5}.AppStore|x64.ActiveCfg = Release|Any CPU
		{49BF5F36-56BB-45AC-B281-348D6F6D0FC5}.AppStore|x64.Build.0 = Release|Any CPU
		{49BF5F36-56BB-45AC-B281-348D6F6D0FC5}.AppStore|x86.ActiveCfg = Release|Any CPU
		{49BF5F36-56BB-45AC-B281-348D6F6D0FC5}.AppStore|x86.Build.0 = Release|Any CPU
		{49BF5F36-56BB-45AC-B281-348D6F6D0FC5}.Debug|Any CPU.ActiveCfg = Debug|Any CPU
		{49BF5F36-56BB-45AC-B281-348D6F6D0FC5}.Debug|Any CPU.Build.0 = Debug|Any CPU
		{49BF5F36-56BB-45AC-B281-348D6F6D0FC5}.Debug|ARM.ActiveCfg = Debug|Any CPU
		{49BF5F36-56BB-45AC-B281-348D6F6D0FC5}.Debug|ARM.Build.0 = Debug|Any CPU
		{49BF5F36-56BB-45AC-B281-348D6F6D0FC5}.Debug|iPhone.ActiveCfg = Debug|Any CPU
		{49BF5F36-56BB-45AC-B281-348D6F6D0FC5}.Debug|iPhone.Build.0 = Debug|Any CPU
		{49BF5F36-56BB-45AC-B281-348D6F6D0FC5}.Debug|iPhoneSimulator.ActiveCfg = Debug|Any CPU
		{49BF5F36-56BB-45AC-B281-348D6F6D0FC5}.Debug|iPhoneSimulator.Build.0 = Debug|Any CPU
		{49BF5F36-56BB-45AC-B281-348D6F6D0FC5}.Debug|x64.ActiveCfg = Debug|Any CPU
		{49BF5F36-56BB-45AC-B281-348D6F6D0FC5}.Debug|x64.Build.0 = Debug|Any CPU
		{49BF5F36-56BB-45AC-B281-348D6F6D0FC5}.Debug|x86.ActiveCfg = Debug|Any CPU
		{49BF5F36-56BB-45AC-B281-348D6F6D0FC5}.Debug|x86.Build.0 = Debug|Any CPU
		{49BF5F36-56BB-45AC-B281-348D6F6D0FC5}.Release|Any CPU.ActiveCfg = Release|Any CPU
		{49BF5F36-56BB-45AC-B281-348D6F6D0FC5}.Release|Any CPU.Build.0 = Release|Any CPU
		{49BF5F36-56BB-45AC-B281-348D6F6D0FC5}.Release|ARM.ActiveCfg = Release|Any CPU
		{49BF5F36-56BB-45AC-B281-348D6F6D0FC5}.Release|ARM.Build.0 = Release|Any CPU
		{49BF5F36-56BB-45AC-B281-348D6F6D0FC5}.Release|iPhone.ActiveCfg = Release|Any CPU
		{49BF5F36-56BB-45AC-B281-348D6F6D0FC5}.Release|iPhone.Build.0 = Release|Any CPU
		{49BF5F36-56BB-45AC-B281-348D6F6D0FC5}.Release|iPhoneSimulator.ActiveCfg = Release|Any CPU
		{49BF5F36-56BB-45AC-B281-348D6F6D0FC5}.Release|iPhoneSimulator.Build.0 = Release|Any CPU
		{49BF5F36-56BB-45AC-B281-348D6F6D0FC5}.Release|x64.ActiveCfg = Release|Any CPU
		{49BF5F36-56BB-45AC-B281-348D6F6D0FC5}.Release|x64.Build.0 = Release|Any CPU
		{49BF5F36-56BB-45AC-B281-348D6F6D0FC5}.Release|x86.ActiveCfg = Release|Any CPU
		{49BF5F36-56BB-45AC-B281-348D6F6D0FC5}.Release|x86.Build.0 = Release|Any CPU
		{268EF4B3-B00A-458A-886D-BE2DBA04A227}.Ad-Hoc|Any CPU.ActiveCfg = Release|x86
		{268EF4B3-B00A-458A-886D-BE2DBA04A227}.Ad-Hoc|Any CPU.Build.0 = Release|x86
		{268EF4B3-B00A-458A-886D-BE2DBA04A227}.Ad-Hoc|Any CPU.Deploy.0 = Release|x86
		{268EF4B3-B00A-458A-886D-BE2DBA04A227}.Ad-Hoc|ARM.ActiveCfg = Release|ARM
		{268EF4B3-B00A-458A-886D-BE2DBA04A227}.Ad-Hoc|ARM.Build.0 = Release|ARM
		{268EF4B3-B00A-458A-886D-BE2DBA04A227}.Ad-Hoc|ARM.Deploy.0 = Release|ARM
		{268EF4B3-B00A-458A-886D-BE2DBA04A227}.Ad-Hoc|iPhone.ActiveCfg = Release|x86
		{268EF4B3-B00A-458A-886D-BE2DBA04A227}.Ad-Hoc|iPhone.Build.0 = Release|x86
		{268EF4B3-B00A-458A-886D-BE2DBA04A227}.Ad-Hoc|iPhone.Deploy.0 = Release|x86
		{268EF4B3-B00A-458A-886D-BE2DBA04A227}.Ad-Hoc|iPhoneSimulator.ActiveCfg = Release|x86
		{268EF4B3-B00A-458A-886D-BE2DBA04A227}.Ad-Hoc|iPhoneSimulator.Build.0 = Release|x86
		{268EF4B3-B00A-458A-886D-BE2DBA04A227}.Ad-Hoc|iPhoneSimulator.Deploy.0 = Release|x86
		{268EF4B3-B00A-458A-886D-BE2DBA04A227}.Ad-Hoc|x64.ActiveCfg = Release|x64
		{268EF4B3-B00A-458A-886D-BE2DBA04A227}.Ad-Hoc|x64.Build.0 = Release|x64
		{268EF4B3-B00A-458A-886D-BE2DBA04A227}.Ad-Hoc|x64.Deploy.0 = Release|x64
		{268EF4B3-B00A-458A-886D-BE2DBA04A227}.Ad-Hoc|x86.ActiveCfg = Release|x86
		{268EF4B3-B00A-458A-886D-BE2DBA04A227}.Ad-Hoc|x86.Build.0 = Release|x86
		{268EF4B3-B00A-458A-886D-BE2DBA04A227}.Ad-Hoc|x86.Deploy.0 = Release|x86
		{268EF4B3-B00A-458A-886D-BE2DBA04A227}.AppStore|Any CPU.ActiveCfg = Release|x86
		{268EF4B3-B00A-458A-886D-BE2DBA04A227}.AppStore|Any CPU.Build.0 = Release|x86
		{268EF4B3-B00A-458A-886D-BE2DBA04A227}.AppStore|Any CPU.Deploy.0 = Release|x86
		{268EF4B3-B00A-458A-886D-BE2DBA04A227}.AppStore|ARM.ActiveCfg = Release|ARM
		{268EF4B3-B00A-458A-886D-BE2DBA04A227}.AppStore|ARM.Build.0 = Release|ARM
		{268EF4B3-B00A-458A-886D-BE2DBA04A227}.AppStore|ARM.Deploy.0 = Release|ARM
		{268EF4B3-B00A-458A-886D-BE2DBA04A227}.AppStore|iPhone.ActiveCfg = Release|x86
		{268EF4B3-B00A-458A-886D-BE2DBA04A227}.AppStore|iPhone.Build.0 = Release|x86
		{268EF4B3-B00A-458A-886D-BE2DBA04A227}.AppStore|iPhone.Deploy.0 = Release|x86
		{268EF4B3-B00A-458A-886D-BE2DBA04A227}.AppStore|iPhoneSimulator.ActiveCfg = Release|x86
		{268EF4B3-B00A-458A-886D-BE2DBA04A227}.AppStore|iPhoneSimulator.Build.0 = Release|x86
		{268EF4B3-B00A-458A-886D-BE2DBA04A227}.AppStore|iPhoneSimulator.Deploy.0 = Release|x86
		{268EF4B3-B00A-458A-886D-BE2DBA04A227}.AppStore|x64.ActiveCfg = Release|x64
		{268EF4B3-B00A-458A-886D-BE2DBA04A227}.AppStore|x64.Build.0 = Release|x64
		{268EF4B3-B00A-458A-886D-BE2DBA04A227}.AppStore|x64.Deploy.0 = Release|x64
		{268EF4B3-B00A-458A-886D-BE2DBA04A227}.AppStore|x86.ActiveCfg = Release|x86
		{268EF4B3-B00A-458A-886D-BE2DBA04A227}.AppStore|x86.Build.0 = Release|x86
		{268EF4B3-B00A-458A-886D-BE2DBA04A227}.AppStore|x86.Deploy.0 = Release|x86
		{268EF4B3-B00A-458A-886D-BE2DBA04A227}.Debug|Any CPU.ActiveCfg = Debug|x86
		{268EF4B3-B00A-458A-886D-BE2DBA04A227}.Debug|ARM.ActiveCfg = Debug|ARM
		{268EF4B3-B00A-458A-886D-BE2DBA04A227}.Debug|ARM.Build.0 = Debug|ARM
		{268EF4B3-B00A-458A-886D-BE2DBA04A227}.Debug|ARM.Deploy.0 = Debug|ARM
		{268EF4B3-B00A-458A-886D-BE2DBA04A227}.Debug|iPhone.ActiveCfg = Debug|x86
		{268EF4B3-B00A-458A-886D-BE2DBA04A227}.Debug|iPhoneSimulator.ActiveCfg = Debug|x86
		{268EF4B3-B00A-458A-886D-BE2DBA04A227}.Debug|x64.ActiveCfg = Debug|x64
		{268EF4B3-B00A-458A-886D-BE2DBA04A227}.Debug|x64.Build.0 = Debug|x64
		{268EF4B3-B00A-458A-886D-BE2DBA04A227}.Debug|x64.Deploy.0 = Debug|x64
		{268EF4B3-B00A-458A-886D-BE2DBA04A227}.Debug|x86.ActiveCfg = Debug|x86
		{268EF4B3-B00A-458A-886D-BE2DBA04A227}.Debug|x86.Build.0 = Debug|x86
		{268EF4B3-B00A-458A-886D-BE2DBA04A227}.Debug|x86.Deploy.0 = Debug|x86
		{268EF4B3-B00A-458A-886D-BE2DBA04A227}.Release|Any CPU.ActiveCfg = Release|x86
		{268EF4B3-B00A-458A-886D-BE2DBA04A227}.Release|ARM.ActiveCfg = Release|ARM
		{268EF4B3-B00A-458A-886D-BE2DBA04A227}.Release|ARM.Build.0 = Release|ARM
		{268EF4B3-B00A-458A-886D-BE2DBA04A227}.Release|ARM.Deploy.0 = Release|ARM
		{268EF4B3-B00A-458A-886D-BE2DBA04A227}.Release|iPhone.ActiveCfg = Release|x86
		{268EF4B3-B00A-458A-886D-BE2DBA04A227}.Release|iPhoneSimulator.ActiveCfg = Release|x86
		{268EF4B3-B00A-458A-886D-BE2DBA04A227}.Release|x64.ActiveCfg = Release|x64
		{268EF4B3-B00A-458A-886D-BE2DBA04A227}.Release|x64.Build.0 = Release|x64
		{268EF4B3-B00A-458A-886D-BE2DBA04A227}.Release|x64.Deploy.0 = Release|x64
		{268EF4B3-B00A-458A-886D-BE2DBA04A227}.Release|x86.ActiveCfg = Release|x86
		{268EF4B3-B00A-458A-886D-BE2DBA04A227}.Release|x86.Build.0 = Release|x86
		{268EF4B3-B00A-458A-886D-BE2DBA04A227}.Release|x86.Deploy.0 = Release|x86
		{A8769292-056D-440C-8D65-40CB867049F1}.Ad-Hoc|Any CPU.ActiveCfg = Ad-Hoc|iPhoneSimulator
		{A8769292-056D-440C-8D65-40CB867049F1}.Ad-Hoc|ARM.ActiveCfg = Ad-Hoc|iPhone
		{A8769292-056D-440C-8D65-40CB867049F1}.Ad-Hoc|iPhone.ActiveCfg = Ad-Hoc|iPhone
		{A8769292-056D-440C-8D65-40CB867049F1}.Ad-Hoc|iPhone.Build.0 = Ad-Hoc|iPhone
		{A8769292-056D-440C-8D65-40CB867049F1}.Ad-Hoc|iPhoneSimulator.ActiveCfg = Ad-Hoc|iPhoneSimulator
		{A8769292-056D-440C-8D65-40CB867049F1}.Ad-Hoc|iPhoneSimulator.Build.0 = Ad-Hoc|iPhoneSimulator
		{A8769292-056D-440C-8D65-40CB867049F1}.Ad-Hoc|x64.ActiveCfg = Ad-Hoc|iPhone
		{A8769292-056D-440C-8D65-40CB867049F1}.Ad-Hoc|x86.ActiveCfg = Ad-Hoc|iPhone
		{A8769292-056D-440C-8D65-40CB867049F1}.AppStore|Any CPU.ActiveCfg = AppStore|iPhoneSimulator
		{A8769292-056D-440C-8D65-40CB867049F1}.AppStore|ARM.ActiveCfg = AppStore|iPhone
		{A8769292-056D-440C-8D65-40CB867049F1}.AppStore|iPhone.ActiveCfg = AppStore|iPhone
		{A8769292-056D-440C-8D65-40CB867049F1}.AppStore|iPhone.Build.0 = AppStore|iPhone
		{A8769292-056D-440C-8D65-40CB867049F1}.AppStore|iPhoneSimulator.ActiveCfg = AppStore|iPhoneSimulator
		{A8769292-056D-440C-8D65-40CB867049F1}.AppStore|iPhoneSimulator.Build.0 = AppStore|iPhoneSimulator
		{A8769292-056D-440C-8D65-40CB867049F1}.AppStore|x64.ActiveCfg = AppStore|iPhone
		{A8769292-056D-440C-8D65-40CB867049F1}.AppStore|x86.ActiveCfg = AppStore|iPhone
		{A8769292-056D-440C-8D65-40CB867049F1}.Debug|Any CPU.ActiveCfg = Debug|iPhoneSimulator
		{A8769292-056D-440C-8D65-40CB867049F1}.Debug|ARM.ActiveCfg = Debug|iPhone
		{A8769292-056D-440C-8D65-40CB867049F1}.Debug|iPhone.ActiveCfg = Debug|iPhone
		{A8769292-056D-440C-8D65-40CB867049F1}.Debug|iPhone.Build.0 = Debug|iPhone
		{A8769292-056D-440C-8D65-40CB867049F1}.Debug|iPhoneSimulator.ActiveCfg = Debug|iPhoneSimulator
		{A8769292-056D-440C-8D65-40CB867049F1}.Debug|iPhoneSimulator.Build.0 = Debug|iPhoneSimulator
		{A8769292-056D-440C-8D65-40CB867049F1}.Debug|x64.ActiveCfg = Debug|iPhone
		{A8769292-056D-440C-8D65-40CB867049F1}.Debug|x86.ActiveCfg = Debug|iPhone
		{A8769292-056D-440C-8D65-40CB867049F1}.Release|Any CPU.ActiveCfg = Release|iPhoneSimulator
		{A8769292-056D-440C-8D65-40CB867049F1}.Release|ARM.ActiveCfg = Release|iPhone
		{A8769292-056D-440C-8D65-40CB867049F1}.Release|iPhone.ActiveCfg = Release|iPhone
		{A8769292-056D-440C-8D65-40CB867049F1}.Release|iPhone.Build.0 = Release|iPhone
		{A8769292-056D-440C-8D65-40CB867049F1}.Release|iPhoneSimulator.ActiveCfg = Release|iPhoneSimulator
		{A8769292-056D-440C-8D65-40CB867049F1}.Release|iPhoneSimulator.Build.0 = Release|iPhoneSimulator
		{A8769292-056D-440C-8D65-40CB867049F1}.Release|x64.ActiveCfg = Release|iPhone
		{A8769292-056D-440C-8D65-40CB867049F1}.Release|x86.ActiveCfg = Release|iPhone
	EndGlobalSection
	GlobalSection(SolutionProperties) = preSolution
		HideSolutionNode = FALSE
	EndGlobalSection
	GlobalSection(ExtensibilityGlobals) = postSolution
		SolutionGuid = {E07CECB8-477B-4722-86A0-5D1066C91A13}
	EndGlobalSection
EndGlobal
